// !$*UTF8*$!
{
	archiveVersion = 1;
	classes = {
	};
	objectVersion = 56;
	objects = {

/* Begin PBXBuildFile section */
		ACAD60DA2924D8F500DBB067 /* LandmarksApp.swift in Sources */ = {isa = PBXBuildFile; fileRef = ACAD60D92924D8F500DBB067 /* LandmarksApp.swift */; };
		ACAD60DC2924D8F500DBB067 /* ContentView.swift in Sources */ = {isa = PBXBuildFile; fileRef = ACAD60DB2924D8F500DBB067 /* ContentView.swift */; };
		ACAD60DE2924D8F700DBB067 /* Assets.xcassets in Resources */ = {isa = PBXBuildFile; fileRef = ACAD60DD2924D8F700DBB067 /* Assets.xcassets */; };
		ACAD60E12924D8F700DBB067 /* Preview Assets.xcassets in Resources */ = {isa = PBXBuildFile; fileRef = ACAD60E02924D8F700DBB067 /* Preview Assets.xcassets */; };
		ACAD60EB2924D9F900DBB067 /* CircleImage.swift in Sources */ = {isa = PBXBuildFile; fileRef = ACAD60EA2924D9F900DBB067 /* CircleImage.swift */; };
		ACAD60ED2924DA0E00DBB067 /* LandmarkRow.swift in Sources */ = {isa = PBXBuildFile; fileRef = ACAD60EC2924DA0E00DBB067 /* LandmarkRow.swift */; };
		ACAD60EF2924DA2D00DBB067 /* LandmarkList.swift in Sources */ = {isa = PBXBuildFile; fileRef = ACAD60EE2924DA2D00DBB067 /* LandmarkList.swift */; };
		ACAD60F12924DA4700DBB067 /* LandmarkDetail.swift in Sources */ = {isa = PBXBuildFile; fileRef = ACAD60F02924DA4700DBB067 /* LandmarkDetail.swift */; };
		ACAD60F32924DA5700DBB067 /* MapView.swift in Sources */ = {isa = PBXBuildFile; fileRef = ACAD60F22924DA5700DBB067 /* MapView.swift */; };
		ACAD60F52924DA6B00DBB067 /* Landmark.swift in Sources */ = {isa = PBXBuildFile; fileRef = ACAD60F42924DA6B00DBB067 /* Landmark.swift */; };
		ACAD60F72924DA7C00DBB067 /* ModelData.swift in Sources */ = {isa = PBXBuildFile; fileRef = ACAD60F62924DA7C00DBB067 /* ModelData.swift */; };
		ACAD60F92924DA9A00DBB067 /* landmarkData.json in Resources */ = {isa = PBXBuildFile; fileRef = ACAD60F82924DA9A00DBB067 /* landmarkData.json */; };
		ACAD60FB2924FB7500DBB067 /* FavoriteButton.swift in Sources */ = {isa = PBXBuildFile; fileRef = ACAD60FA2924FB7500DBB067 /* FavoriteButton.swift */; };
/* End PBXBuildFile section */

/* Begin PBXFileReference section */
		ACAD60D62924D8F500DBB067 /* Landmarks.app */ = {isa = PBXFileReference; explicitFileType = wrapper.application; includeInIndex = 0; path = Landmarks.app; sourceTree = BUILT_PRODUCTS_DIR; };
		ACAD60D92924D8F500DBB067 /* LandmarksApp.swift */ = {isa = PBXFileReference; lastKnownFileType = sourcecode.swift; path = LandmarksApp.swift; sourceTree = "<group>"; };
		ACAD60DB2924D8F500DBB067 /* ContentView.swift */ = {isa = PBXFileReference; lastKnownFileType = sourcecode.swift; path = ContentView.swift; sourceTree = "<group>"; };
		ACAD60DD2924D8F700DBB067 /* Assets.xcassets */ = {isa = PBXFileReference; lastKnownFileType = folder.assetcatalog; path = Assets.xcassets; sourceTree = "<group>"; };
		ACAD60E02924D8F700DBB067 /* Preview Assets.xcassets */ = {isa = PBXFileReference; lastKnownFileType = folder.assetcatalog; path = "Preview Assets.xcassets"; sourceTree = "<group>"; };
		ACAD60EA2924D9F900DBB067 /* CircleImage.swift */ = {isa = PBXFileReference; lastKnownFileType = sourcecode.swift; path = CircleImage.swift; sourceTree = "<group>"; };
		ACAD60EC2924DA0E00DBB067 /* LandmarkRow.swift */ = {isa = PBXFileReference; lastKnownFileType = sourcecode.swift; path = LandmarkRow.swift; sourceTree = "<group>"; };
		ACAD60EE2924DA2D00DBB067 /* LandmarkList.swift */ = {isa = PBXFileReference; lastKnownFileType = sourcecode.swift; path = LandmarkList.swift; sourceTree = "<group>"; };
		ACAD60F02924DA4700DBB067 /* LandmarkDetail.swift */ = {isa = PBXFileReference; lastKnownFileType = sourcecode.swift; path = LandmarkDetail.swift; sourceTree = "<group>"; };
		ACAD60F22924DA5700DBB067 /* MapView.swift */ = {isa = PBXFileReference; lastKnownFileType = sourcecode.swift; path = MapView.swift; sourceTree = "<group>"; };
		ACAD60F42924DA6B00DBB067 /* Landmark.swift */ = {isa = PBXFileReference; lastKnownFileType = sourcecode.swift; path = Landmark.swift; sourceTree = "<group>"; };
		ACAD60F62924DA7C00DBB067 /* ModelData.swift */ = {isa = PBXFileReference; lastKnownFileType = sourcecode.swift; path = ModelData.swift; sourceTree = "<group>"; };
		ACAD60F82924DA9A00DBB067 /* landmarkData.json */ = {isa = PBXFileReference; fileEncoding = 4; lastKnownFileType = text.json; path = landmarkData.json; sourceTree = "<group>"; };
		ACAD60FA2924FB7500DBB067 /* FavoriteButton.swift */ = {isa = PBXFileReference; lastKnownFileType = sourcecode.swift; path = FavoriteButton.swift; sourceTree = "<group>"; };
/* End PBXFileReference section */

/* Begin PBXFrameworksBuildPhase section */
		ACAD60D32924D8F500DBB067 /* Frameworks */ = {
			isa = PBXFrameworksBuildPhase;
			buildActionMask = 2147483647;
			files = (
			);
			runOnlyForDeploymentPostprocessing = 0;
		};
/* End PBXFrameworksBuildPhase section */

/* Begin PBXGroup section */
		ACAD60CD2924D8F500DBB067 = {
			isa = PBXGroup;
			children = (
				ACAD60D82924D8F500DBB067 /* Landmarks */,
				ACAD60D72924D8F500DBB067 /* Products */,
			);
			sourceTree = "<group>";
		};
		ACAD60D72924D8F500DBB067 /* Products */ = {
			isa = PBXGroup;
			children = (
				ACAD60D62924D8F500DBB067 /* Landmarks.app */,
			);
			name = Products;
			sourceTree = "<group>";
		};
		ACAD60D82924D8F500DBB067 /* Landmarks */ = {
			isa = PBXGroup;
			children = (
				ACAD60D92924D8F500DBB067 /* LandmarksApp.swift */,
				ACAD60E72924D96100DBB067 /* Views */,
				ACAD60E82924D97300DBB067 /* Model */,
				ACAD60E92924D98600DBB067 /* Resources */,
				ACAD60DD2924D8F700DBB067 /* Assets.xcassets */,
				ACAD60DF2924D8F700DBB067 /* Preview Content */,
			);
			path = Landmarks;
			sourceTree = "<group>";
		};
		ACAD60DF2924D8F700DBB067 /* Preview Content */ = {
			isa = PBXGroup;
			children = (
				ACAD60E02924D8F700DBB067 /* Preview Assets.xcassets */,
			);
			path = "Preview Content";
			sourceTree = "<group>";
		};
		ACAD60E72924D96100DBB067 /* Views */ = {
			isa = PBXGroup;
			children = (
				ACAD60DB2924D8F500DBB067 /* ContentView.swift */,
				ACAD60EA2924D9F900DBB067 /* CircleImage.swift */,
				ACAD60F22924DA5700DBB067 /* MapView.swift */,
				ACAD60EC2924DA0E00DBB067 /* LandmarkRow.swift */,
				ACAD60EE2924DA2D00DBB067 /* LandmarkList.swift */,
				ACAD60F02924DA4700DBB067 /* LandmarkDetail.swift */,
				ACAD60FA2924FB7500DBB067 /* FavoriteButton.swift */,
			);
			path = Views;
			sourceTree = "<group>";
		};
		ACAD60E82924D97300DBB067 /* Model */ = {
			isa = PBXGroup;
			children = (
				ACAD60F42924DA6B00DBB067 /* Landmark.swift */,
				ACAD60F62924DA7C00DBB067 /* ModelData.swift */,
			);
			path = Model;
			sourceTree = "<group>";
		};
		ACAD60E92924D98600DBB067 /* Resources */ = {
			isa = PBXGroup;
			children = (
				ACAD60F82924DA9A00DBB067 /* landmarkData.json */,
			);
			path = Resources;
			sourceTree = "<group>";
		};
/* End PBXGroup section */

/* Begin PBXNativeTarget section */
		ACAD60D52924D8F500DBB067 /* Landmarks */ = {
			isa = PBXNativeTarget;
			buildConfigurationList = ACAD60E42924D8F700DBB067 /* Build configuration list for PBXNativeTarget "Landmarks" */;
			buildPhases = (
				ACAD60D22924D8F500DBB067 /* Sources */,
				ACAD60D32924D8F500DBB067 /* Frameworks */,
				ACAD60D42924D8F500DBB067 /* Resources */,
			);
			buildRules = (
			);
			dependencies = (
			);
			name = Landmarks;
			productName = Landmarks;
			productReference = ACAD60D62924D8F500DBB067 /* Landmarks.app */;
			productType = "com.apple.product-type.application";
		};
/* End PBXNativeTarget section */

/* Begin PBXProject section */
		ACAD60CE2924D8F500DBB067 /* Project object */ = {
			isa = PBXProject;
			attributes = {
				BuildIndependentTargetsInParallel = 1;
				LastSwiftUpdateCheck = 1410;
				LastUpgradeCheck = 1410;
				TargetAttributes = {
					ACAD60D52924D8F500DBB067 = {
						CreatedOnToolsVersion = 14.1;
					};
				};
			};
			buildConfigurationList = ACAD60D12924D8F500DBB067 /* Build configuration list for PBXProject "Landmarks" */;
			compatibilityVersion = "Xcode 14.0";
			developmentRegion = en;
			hasScannedForEncodings = 0;
			knownRegions = (
				en,
				Base,
			);
			mainGroup = ACAD60CD2924D8F500DBB067;
			productRefGroup = ACAD60D72924D8F500DBB067 /* Products */;
			projectDirPath = "";
			projectRoot = "";
			targets = (
				ACAD60D52924D8F500DBB067 /* Landmarks */,
			);
		};
/* End PBXProject section */

/* Begin PBXResourcesBuildPhase section */
		ACAD60D42924D8F500DBB067 /* Resources */ = {
			isa = PBXResourcesBuildPhase;
			buildActionMask = 2147483647;
			files = (
				ACAD60E12924D8F700DBB067 /* Preview Assets.xcassets in Resources */,
				ACAD60DE2924D8F700DBB067 /* Assets.xcassets in Resources */,
				ACAD60F92924DA9A00DBB067 /* landmarkData.json in Resources */,
			);
			runOnlyForDeploymentPostprocessing = 0;
		};
/* End PBXResourcesBuildPhase section */

/* Begin PBXSourcesBuildPhase section */
		ACAD60D22924D8F500DBB067 /* Sources */ = {
			isa = PBXSourcesBuildPhase;
			buildActionMask = 2147483647;
			files = (
				ACAD60F32924DA5700DBB067 /* MapView.swift in Sources */,
				ACAD60DC2924D8F500DBB067 /* ContentView.swift in Sources */,
				ACAD60F72924DA7C00DBB067 /* ModelData.swift in Sources */,
				ACAD60FB2924FB7500DBB067 /* FavoriteButton.swift in Sources */,
				ACAD60DA2924D8F500DBB067 /* LandmarksApp.swift in Sources */,
				ACAD60F52924DA6B00DBB067 /* Landmark.swift in Sources */,
				ACAD60ED2924DA0E00DBB067 /* LandmarkRow.swift in Sources */,
				ACAD60EB2924D9F900DBB067 /* CircleImage.swift in Sources */,
				ACAD60F12924DA4700DBB067 /* LandmarkDetail.swift in Sources */,
				ACAD60EF2924DA2D00DBB067 /* LandmarkList.swift in Sources */,
			);
			runOnlyForDeploymentPostprocessing = 0;
		};
/* End PBXSourcesBuildPhase section */

/* Begin XCBuildConfiguration section */
		ACAD60E22924D8F700DBB067 /* Debug */ = {
			isa = XCBuildConfiguration;
			buildSettings = {
				ALWAYS_SEARCH_USER_PATHS = NO;
				CLANG_ANALYZER_NONNULL = YES;
				CLANG_ANALYZER_NUMBER_OBJECT_CONVERSION = YES_AGGRESSIVE;
				CLANG_CXX_LANGUAGE_STANDARD = "gnu++20";
				CLANG_ENABLE_MODULES = YES;
				CLANG_ENABLE_OBJC_ARC = YES;
				CLANG_ENABLE_OBJC_WEAK = YES;
				CLANG_WARN_BLOCK_CAPTURE_AUTORELEASING = YES;
				CLANG_WARN_BOOL_CONVERSION = YES;
				CLANG_WARN_COMMA = YES;
				CLANG_WARN_CONSTANT_CONVERSION = YES;
				CLANG_WARN_DEPRECATED_OBJC_IMPLEMENTATIONS = YES;
				CLANG_WARN_DIRECT_OBJC_ISA_USAGE = YES_ERROR;
				CLANG_WARN_DOCUMENTATION_COMMENTS = YES;
				CLANG_WARN_EMPTY_BODY = YES;
				CLANG_WARN_ENUM_CONVERSION = YES;
				CLANG_WARN_INFINITE_RECURSION = YES;
				CLANG_WARN_INT_CONVERSION = YES;
				CLANG_WARN_NON_LITERAL_NULL_CONVERSION = YES;
				CLANG_WARN_OBJC_IMPLICIT_RETAIN_SELF = YES;
				CLANG_WARN_OBJC_LITERAL_CONVERSION = YES;
				CLANG_WARN_OBJC_ROOT_CLASS = YES_ERROR;
				CLANG_WARN_QUOTED_INCLUDE_IN_FRAMEWORK_HEADER = YES;
				CLANG_WARN_RANGE_LOOP_ANALYSIS = YES;
				CLANG_WARN_STRICT_PROTOTYPES = YES;
				CLANG_WARN_SUSPICIOUS_MOVE = YES;
				CLANG_WARN_UNGUARDED_AVAILABILITY = YES_AGGRESSIVE;
				CLANG_WARN_UNREACHABLE_CODE = YES;
				CLANG_WARN__DUPLICATE_METHOD_MATCH = YES;
				COPY_PHASE_STRIP = NO;
				DEBUG_INFORMATION_FORMAT = dwarf;
				ENABLE_STRICT_OBJC_MSGSEND = YES;
				ENABLE_TESTABILITY = YES;
				GCC_C_LANGUAGE_STANDARD = gnu11;
				GCC_DYNAMIC_NO_PIC = NO;
				GCC_NO_COMMON_BLOCKS = YES;
				GCC_OPTIMIZATION_LEVEL = 0;
				GCC_PREPROCESSOR_DEFINITIONS = (
					"DEBUG=1",
					"$(inherited)",
				);
				GCC_WARN_64_TO_32_BIT_CONVERSION = YES;
				GCC_WARN_ABOUT_RETURN_TYPE = YES_ERROR;
				GCC_WARN_UNDECLARED_SELECTOR = YES;
				GCC_WARN_UNINITIALIZED_AUTOS = YES_AGGRESSIVE;
				GCC_WARN_UNUSED_FUNCTION = YES;
				GCC_WARN_UNUSED_VARIABLE = YES;
				IPHONEOS_DEPLOYMENT_TARGET = 16.1;
				MTL_ENABLE_DEBUG_INFO = INCLUDE_SOURCE;
				MTL_FAST_MATH = YES;
				ONLY_ACTIVE_ARCH = YES;
				SDKROOT = iphoneos;
				SWIFT_ACTIVE_COMPILATION_CONDITIONS = DEBUG;
				SWIFT_OPTIMIZATION_LEVEL = "-Onone";
			};
			name = Debug;
		};
		ACAD60E32924D8F700DBB067 /* Release */ = {
			isa = XCBuildConfiguration;
			buildSettings = {
				ALWAYS_SEARCH_USER_PATHS = NO;
				CLANG_ANALYZER_NONNULL = YES;
				CLANG_ANALYZER_NUMBER_OBJECT_CONVERSION = YES_AGGRESSIVE;
				CLANG_CXX_LANGUAGE_STANDARD = "gnu++20";
				CLANG_ENABLE_MODULES = YES;
				CLANG_ENABLE_OBJC_ARC = YES;
				CLANG_ENABLE_OBJC_WEAK = YES;
				CLANG_WARN_BLOCK_CAPTURE_AUTORELEASING = YES;
				CLANG_WARN_BOOL_CONVERSION = YES;
				CLANG_WARN_COMMA = YES;
				CLANG_WARN_CONSTANT_CONVERSION = YES;
				CLANG_WARN_DEPRECATED_OBJC_IMPLEMENTATIONS = YES;
				CLANG_WARN_DIRECT_OBJC_ISA_USAGE = YES_ERROR;
				CLANG_WARN_DOCUMENTATION_COMMENTS = YES;
				CLANG_WARN_EMPTY_BODY = YES;
				CLANG_WARN_ENUM_CONVERSION = YES;
				CLANG_WARN_INFINITE_RECURSION = YES;
				CLANG_WARN_INT_CONVERSION = YES;
				CLANG_WARN_NON_LITERAL_NULL_CONVERSION = YES;
				CLANG_WARN_OBJC_IMPLICIT_RETAIN_SELF = YES;
				CLANG_WARN_OBJC_LITERAL_CONVERSION = YES;
				CLANG_WARN_OBJC_ROOT_CLASS = YES_ERROR;
				CLANG_WARN_QUOTED_INCLUDE_IN_FRAMEWORK_HEADER = YES;
				CLANG_WARN_RANGE_LOOP_ANALYSIS = YES;
				CLANG_WARN_STRICT_PROTOTYPES = YES;
				CLANG_WARN_SUSPICIOUS_MOVE = YES;
				CLANG_WARN_UNGUARDED_AVAILABILITY = YES_AGGRESSIVE;
				CLANG_WARN_UNREACHABLE_CODE = YES;
				CLANG_WARN__DUPLICATE_METHOD_MATCH = YES;
				COPY_PHASE_STRIP = NO;
				DEBUG_INFORMATION_FORMAT = "dwarf-with-dsym";
				ENABLE_NS_ASSERTIONS = NO;
				ENABLE_STRICT_OBJC_MSGSEND = YES;
				GCC_C_LANGUAGE_STANDARD = gnu11;
				GCC_NO_COMMON_BLOCKS = YES;
				GCC_WARN_64_TO_32_BIT_CONVERSION = YES;
				GCC_WARN_ABOUT_RETURN_TYPE = YES_ERROR;
				GCC_WARN_UNDECLARED_SELECTOR = YES;
				GCC_WARN_UNINITIALIZED_AUTOS = YES_AGGRESSIVE;
				GCC_WARN_UNUSED_FUNCTION = YES;
				GCC_WARN_UNUSED_VARIABLE = YES;
				IPHONEOS_DEPLOYMENT_TARGET = 16.1;
				MTL_ENABLE_DEBUG_INFO = NO;
				MTL_FAST_MATH = YES;
				SDKROOT = iphoneos;
				SWIFT_COMPILATION_MODE = wholemodule;
				SWIFT_OPTIMIZATION_LEVEL = "-O";
				VALIDATE_PRODUCT = YES;
			};
			name = Release;
		};
		ACAD60E52924D8F700DBB067 /* Debug */ = {
			isa = XCBuildConfiguration;
			buildSettings = {
				ASSETCATALOG_COMPILER_APPICON_NAME = AppIcon;
				ASSETCATALOG_COMPILER_GLOBAL_ACCENT_COLOR_NAME = AccentColor;
				CODE_SIGN_STYLE = Automatic;
				CURRENT_PROJECT_VERSION = 1;
				DEVELOPMENT_ASSET_PATHS = "\"Landmarks/Preview Content\"";
				DEVELOPMENT_TEAM = 3WL53CAG23;
				ENABLE_PREVIEWS = YES;
				GENERATE_INFOPLIST_FILE = YES;
				INFOPLIST_KEY_UIApplicationSceneManifest_Generation = YES;
				INFOPLIST_KEY_UIApplicationSupportsIndirectInputEvents = YES;
				INFOPLIST_KEY_UILaunchScreen_Generation = YES;
				INFOPLIST_KEY_UISupportedInterfaceOrientations_iPad = "UIInterfaceOrientationPortrait UIInterfaceOrientationPortraitUpsideDown UIInterfaceOrientationLandscapeLeft UIInterfaceOrientationLandscapeRight";
				INFOPLIST_KEY_UISupportedInterfaceOrientations_iPhone = "UIInterfaceOrientationPortrait UIInterfaceOrientationLandscapeLeft UIInterfaceOrientationLandscapeRight";
				LD_RUNPATH_SEARCH_PATHS = (
					"$(inherited)",
					"@executable_path/Frameworks",
				);
				MARKETING_VERSION = 1.0;
				PRODUCT_BUNDLE_IDENTIFIER = Nat.Landmarks;
				PRODUCT_NAME = "$(TARGET_NAME)";
				SWIFT_EMIT_LOC_STRINGS = YES;
				SWIFT_VERSION = 5.0;
				TARGETED_DEVICE_FAMILY = "1,2";
			};
			name = Debug;
		};
		ACAD60E62924D8F700DBB067 /* Release */ = {
			isa = XCBuildConfiguration;
			buildSettings = {
				ASSETCATALOG_COMPILER_APPICON_NAME = AppIcon;
				ASSETCATALOG_COMPILER_GLOBAL_ACCENT_COLOR_NAME = AccentColor;
				CODE_SIGN_STYLE = Automatic;
				CURRENT_PROJECT_VERSION = 1;
				DEVELOPMENT_ASSET_PATHS = "\"Landmarks/Preview Content\"";
				DEVELOPMENT_TEAM = 3WL53CAG23;
				ENABLE_PREVIEWS = YES;
				GENERATE_INFOPLIST_FILE = YES;
				INFOPLIST_KEY_UIApplicationSceneManifest_Generation = YES;
				INFOPLIST_KEY_UIApplicationSupportsIndirectInputEvents = YES;
				INFOPLIST_KEY_UILaunchScreen_Generation = YES;
				INFOPLIST_KEY_UISupportedInterfaceOrientations_iPad = "UIInterfaceOrientationPortrait UIInterfaceOrientationPortraitUpsideDown UIInterfaceOrientationLandscapeLeft UIInterfaceOrientationLandscapeRight";
				INFOPLIST_KEY_UISupportedInterfaceOrientations_iPhone = "UIInterfaceOrientationPortrait UIInterfaceOrientationLandscapeLeft UIInterfaceOrientationLandscapeRight";
				LD_RUNPATH_SEARCH_PATHS = (
					"$(inherited)",
					"@executable_path/Frameworks",
				);
				MARKETING_VERSION = 1.0;
				PRODUCT_BUNDLE_IDENTIFIER = Nat.Landmarks;
				PRODUCT_NAME = "$(TARGET_NAME)";
				SWIFT_EMIT_LOC_STRINGS = YES;
				SWIFT_VERSION = 5.0;
				TARGETED_DEVICE_FAMILY = "1,2";
			};
			name = Release;
		};
/* End XCBuildConfiguration section */

/* Begin XCConfigurationList section */
		ACAD60D12924D8F500DBB067 /* Build configuration list for PBXProject "Landmarks" */ = {
			isa = XCConfigurationList;
			buildConfigurations = (
				ACAD60E22924D8F700DBB067 /* Debug */,
				ACAD60E32924D8F700DBB067 /* Release */,
			);
			defaultConfigurationIsVisible = 0;
			defaultConfigurationName = Release;
		};
		ACAD60E42924D8F700DBB067 /* Build configuration list for PBXNativeTarget "Landmarks" */ = {
			isa = XCConfigurationList;
			buildConfigurations = (
				ACAD60E52924D8F700DBB067 /* Debug */,
				ACAD60E62924D8F700DBB067 /* Release */,
			);
			defaultConfigurationIsVisible = 0;
			defaultConfigurationName = Release;
		};
/* End XCConfigurationList section */
	};
	rootObject = ACAD60CE2924D8F500DBB067 /* Project object */;
}
